
Microsoft Visual Studio Solution File, Format Version 12.00
# Visual Studio Version 17
VisualStudioVersion = 17.11.35327.3
MinimumVisualStudioVersion = 10.0.40219.1
Project("{9A19103F-16F7-4668-BE54-9A1E7A4F7556}") = "TelegramClientServer", "TelegramClientServer\TelegramClientServer.csproj", "{35BEFD52-591A-44DD-9D19-9796E2C457F1}"
	ProjectSection(ProjectDependencies) = postProject
		{532DAD4B-B4BF-42E3-9CD1-CED37C365424} = {532DAD4B-B4BF-42E3-9CD1-CED37C365424}
	EndProjectSection
EndProject
Project("{9A19103F-16F7-4668-BE54-9A1E7A4F7556}") = "TelegramVisualPart", "TelegramVisualPart\TelegramVisualPart.csproj", "{532DAD4B-B4BF-42E3-9CD1-CED37C365424}"
EndProject
Project("{9A19103F-16F7-4668-BE54-9A1E7A4F7556}") = "TestThing", "TestThing\TestThing.csproj", "{292F145D-9EA9-4A5F-98EE-92DC711E89C2}"
EndProject
Project("{FAE04EC0-301F-11D3-BF4B-00C04F79EFBC}") = "TelegramLib", "TelegramLib\TelegramLib.csproj", "{58DCF614-E194-4C31-9DCD-953CE327240C}"
EndProject
Project("{FAE04EC0-301F-11D3-BF4B-00C04F79EFBC}") = "TelegramBenchmarks", "TelegramBenchmarks\TelegramBenchmarks.csproj", "{181CAB2E-2769-4E47-BCC2-A5CDAF0884AB}"
	ProjectSection(ProjectDependencies) = postProject
		{58DCF614-E194-4C31-9DCD-953CE327240C} = {58DCF614-E194-4C31-9DCD-953CE327240C}
	EndProjectSection
EndProject
Global
	GlobalSection(SolutionConfigurationPlatforms) = preSolution
		Debug|Any CPU = Debug|Any CPU
		Release|Any CPU = Release|Any CPU
	EndGlobalSection
	GlobalSection(ProjectConfigurationPlatforms) = postSolution
		{35BEFD52-591A-44DD-9D19-9796E2C457F1}.Debug|Any CPU.ActiveCfg = Debug|Any CPU
		{35BEFD52-591A-44DD-9D19-9796E2C457F1}.Debug|Any CPU.Build.0 = Debug|Any CPU
		{35BEFD52-591A-44DD-9D19-9796E2C457F1}.Release|Any CPU.ActiveCfg = Release|Any CPU
		{35BEFD52-591A-44DD-9D19-9796E2C457F1}.Release|Any CPU.Build.0 = Release|Any CPU
		{532DAD4B-B4BF-42E3-9CD1-CED37C365424}.Debug|Any CPU.ActiveCfg = Debug|Any CPU
		{532DAD4B-B4BF-42E3-9CD1-CED37C365424}.Debug|Any CPU.Build.0 = Debug|Any CPU
		{532DAD4B-B4BF-42E3-9CD1-CED37C365424}.Release|Any CPU.ActiveCfg = Release|Any CPU
		{532DAD4B-B4BF-42E3-9CD1-CED37C365424}.Release|Any CPU.Build.0 = Release|Any CPU
		{292F145D-9EA9-4A5F-98EE-92DC711E89C2}.Debug|Any CPU.ActiveCfg = Debug|Any CPU
		{292F145D-9EA9-4A5F-98EE-92DC711E89C2}.Debug|Any CPU.Build.0 = Debug|Any CPU
		{292F145D-9EA9-4A5F-98EE-92DC711E89C2}.Release|Any CPU.ActiveCfg = Release|Any CPU
		{292F145D-9EA9-4A5F-98EE-92DC711E89C2}.Release|Any CPU.Build.0 = Release|Any CPU
		{58DCF614-E194-4C31-9DCD-953CE327240C}.Debug|Any CPU.ActiveCfg = Debug|Any CPU
		{58DCF614-E194-4C31-9DCD-953CE327240C}.Debug|Any CPU.Build.0 = Debug|Any CPU
		{58DCF614-E194-4C31-9DCD-953CE327240C}.Release|Any CPU.ActiveCfg = Release|Any CPU
		{58DCF614-E194-4C31-9DCD-953CE327240C}.Release|Any CPU.Build.0 = Release|Any CPU
		{181CAB2E-2769-4E47-BCC2-A5CDAF0884AB}.Debug|Any CPU.ActiveCfg = Debug|Any CPU
		{181CAB2E-2769-4E47-BCC2-A5CDAF0884AB}.Debug|Any CPU.Build.0 = Debug|Any CPU
		{181CAB2E-2769-4E47-BCC2-A5CDAF0884AB}.Release|Any CPU.ActiveCfg = Release|Any CPU
		{181CAB2E-2769-4E47-BCC2-A5CDAF0884AB}.Release|Any CPU.Build.0 = Release|Any CPU
	EndGlobalSection
	GlobalSection(SolutionProperties) = preSolution
		HideSolutionNode = FALSE
	EndGlobalSection
	GlobalSection(ExtensibilityGlobals) = postSolution
		SolutionGuid = {91AEB47A-A6BC-4B02-ADF3-930CC6DDACAC}
	EndGlobalSection
EndGlobal
